// !$*UTF8*$!
{
	archiveVersion = 1;
	classes = {
	};
	objectVersion = 46;
	objects = {

/* Begin PBXBuildFile section */
		340C22271DE07EA600D4D75C /* AppDelegate.swift in Sources */ = {isa = PBXBuildFile; fileRef = 340C22261DE07EA600D4D75C /* AppDelegate.swift */; };
		340C22291DE07EA600D4D75C /* ViewController.swift in Sources */ = {isa = PBXBuildFile; fileRef = 340C22281DE07EA600D4D75C /* ViewController.swift */; };
		340C222C1DE07EA600D4D75C /* Main.storyboard in Resources */ = {isa = PBXBuildFile; fileRef = 340C222A1DE07EA600D4D75C /* Main.storyboard */; };
		340C222E1DE07EA600D4D75C /* Assets.xcassets in Resources */ = {isa = PBXBuildFile; fileRef = 340C222D1DE07EA600D4D75C /* Assets.xcassets */; };
		340C22311DE07EA600D4D75C /* LaunchScreen.storyboard in Resources */ = {isa = PBXBuildFile; fileRef = 340C222F1DE07EA600D4D75C /* LaunchScreen.storyboard */; };
		340C223C1DE07EA700D4D75C /* Novis_ObliviateTests.swift in Sources */ = {isa = PBXBuildFile; fileRef = 340C223B1DE07EA700D4D75C /* Novis_ObliviateTests.swift */; };
		340C22471DE07EA700D4D75C /* Novis_ObliviateUITests.swift in Sources */ = {isa = PBXBuildFile; fileRef = 340C22461DE07EA700D4D75C /* Novis_ObliviateUITests.swift */; };
		C9A1EFC51DE09FA600455B13 /* RecordingViewController.swift in Sources */ = {isa = PBXBuildFile; fileRef = C9A1EFC41DE09FA600455B13 /* RecordingViewController.swift */; };
/* End PBXBuildFile section */

/* Begin PBXContainerItemProxy section */
		340C22381DE07EA700D4D75C /* PBXContainerItemProxy */ = {
			isa = PBXContainerItemProxy;
			containerPortal = 340C221B1DE07EA600D4D75C /* Project object */;
			proxyType = 1;
			remoteGlobalIDString = 340C22221DE07EA600D4D75C;
			remoteInfo = "Novis Obliviate";
		};
		340C22431DE07EA700D4D75C /* PBXContainerItemProxy */ = {
			isa = PBXContainerItemProxy;
			containerPortal = 340C221B1DE07EA600D4D75C /* Project object */;
			proxyType = 1;
			remoteGlobalIDString = 340C22221DE07EA600D4D75C;
			remoteInfo = "Novis Obliviate";
		};
/* End PBXContainerItemProxy section */

/* Begin PBXFileReference section */
		340C22231DE07EA600D4D75C /* Novis Obliviate.app */ = {isa = PBXFileReference; explicitFileType = wrapper.application; includeInIndex = 0; path = "Novis Obliviate.app"; sourceTree = BUILT_PRODUCTS_DIR; };
		340C22261DE07EA600D4D75C /* AppDelegate.swift */ = {isa = PBXFileReference; lastKnownFileType = sourcecode.swift; path = AppDelegate.swift; sourceTree = "<group>"; };
		340C22281DE07EA600D4D75C /* ViewController.swift */ = {isa = PBXFileReference; lastKnownFileType = sourcecode.swift; path = ViewController.swift; sourceTree = "<group>"; };
		340C222B1DE07EA600D4D75C /* Base */ = {isa = PBXFileReference; lastKnownFileType = file.storyboard; name = Base; path = Base.lproj/Main.storyboard; sourceTree = "<group>"; };
		340C222D1DE07EA600D4D75C /* Assets.xcassets */ = {isa = PBXFileReference; lastKnownFileType = folder.assetcatalog; path = Assets.xcassets; sourceTree = "<group>"; };
		340C22301DE07EA600D4D75C /* Base */ = {isa = PBXFileReference; lastKnownFileType = file.storyboard; name = Base; path = Base.lproj/LaunchScreen.storyboard; sourceTree = "<group>"; };
		340C22321DE07EA600D4D75C /* Info.plist */ = {isa = PBXFileReference; lastKnownFileType = text.plist.xml; path = Info.plist; sourceTree = "<group>"; };
		340C22371DE07EA700D4D75C /* Novis ObliviateTests.xctest */ = {isa = PBXFileReference; explicitFileType = wrapper.cfbundle; includeInIndex = 0; path = "Novis ObliviateTests.xctest"; sourceTree = BUILT_PRODUCTS_DIR; };
		340C223B1DE07EA700D4D75C /* Novis_ObliviateTests.swift */ = {isa = PBXFileReference; lastKnownFileType = sourcecode.swift; path = Novis_ObliviateTests.swift; sourceTree = "<group>"; };
		340C223D1DE07EA700D4D75C /* Info.plist */ = {isa = PBXFileReference; lastKnownFileType = text.plist.xml; path = Info.plist; sourceTree = "<group>"; };
		340C22421DE07EA700D4D75C /* Novis ObliviateUITests.xctest */ = {isa = PBXFileReference; explicitFileType = wrapper.cfbundle; includeInIndex = 0; path = "Novis ObliviateUITests.xctest"; sourceTree = BUILT_PRODUCTS_DIR; };
		340C22461DE07EA700D4D75C /* Novis_ObliviateUITests.swift */ = {isa = PBXFileReference; lastKnownFileType = sourcecode.swift; path = Novis_ObliviateUITests.swift; sourceTree = "<group>"; };
		340C22481DE07EA700D4D75C /* Info.plist */ = {isa = PBXFileReference; lastKnownFileType = text.plist.xml; path = Info.plist; sourceTree = "<group>"; };
		C9A1EFC41DE09FA600455B13 /* RecordingViewController.swift */ = {isa = PBXFileReference; fileEncoding = 4; lastKnownFileType = sourcecode.swift; path = RecordingViewController.swift; sourceTree = "<group>"; };
/* End PBXFileReference section */

/* Begin PBXFrameworksBuildPhase section */
		340C22201DE07EA600D4D75C /* Frameworks */ = {
			isa = PBXFrameworksBuildPhase;
			buildActionMask = 2147483647;
			files = (
			);
			runOnlyForDeploymentPostprocessing = 0;
		};
		340C22341DE07EA700D4D75C /* Frameworks */ = {
			isa = PBXFrameworksBuildPhase;
			buildActionMask = 2147483647;
			files = (
			);
			runOnlyForDeploymentPostprocessing = 0;
		};
		340C223F1DE07EA700D4D75C /* Frameworks */ = {
			isa = PBXFrameworksBuildPhase;
			buildActionMask = 2147483647;
			files = (
			);
			runOnlyForDeploymentPostprocessing = 0;
		};
/* End PBXFrameworksBuildPhase section */

/* Begin PBXGroup section */
		340C221A1DE07EA600D4D75C = {
			isa = PBXGroup;
			children = (
				340C22251DE07EA600D4D75C /* Novis Obliviate */,
				340C223A1DE07EA700D4D75C /* Novis ObliviateTests */,
				340C22451DE07EA700D4D75C /* Novis ObliviateUITests */,
				340C22241DE07EA600D4D75C /* Products */,
			);
			sourceTree = "<group>";
		};
		340C22241DE07EA600D4D75C /* Products */ = {
			isa = PBXGroup;
			children = (
				340C22231DE07EA600D4D75C /* Novis Obliviate.app */,
				340C22371DE07EA700D4D75C /* Novis ObliviateTests.xctest */,
				340C22421DE07EA700D4D75C /* Novis ObliviateUITests.xctest */,
			);
			name = Products;
			sourceTree = "<group>";
		};
		340C22251DE07EA600D4D75C /* Novis Obliviate */ = {
			isa = PBXGroup;
			children = (
				340C22261DE07EA600D4D75C /* AppDelegate.swift */,
				340C22281DE07EA600D4D75C /* ViewController.swift */,
				340C222A1DE07EA600D4D75C /* Main.storyboard */,
				340C222D1DE07EA600D4D75C /* Assets.xcassets */,
				340C222F1DE07EA600D4D75C /* LaunchScreen.storyboard */,
				340C22321DE07EA600D4D75C /* Info.plist */,
				C9A1EFC41DE09FA600455B13 /* RecordingViewController.swift */,
			);
			path = "Novis Obliviate";
			sourceTree = "<group>";
		};
		340C223A1DE07EA700D4D75C /* Novis ObliviateTests */ = {
			isa = PBXGroup;
			children = (
				340C223B1DE07EA700D4D75C /* Novis_ObliviateTests.swift */,
				340C223D1DE07EA700D4D75C /* Info.plist */,
			);
			path = "Novis ObliviateTests";
			sourceTree = "<group>";
		};
		340C22451DE07EA700D4D75C /* Novis ObliviateUITests */ = {
			isa = PBXGroup;
			children = (
				340C22461DE07EA700D4D75C /* Novis_ObliviateUITests.swift */,
				340C22481DE07EA700D4D75C /* Info.plist */,
			);
			path = "Novis ObliviateUITests";
			sourceTree = "<group>";
		};
/* End PBXGroup section */

/* Begin PBXNativeTarget section */
		340C22221DE07EA600D4D75C /* Novis Obliviate */ = {
			isa = PBXNativeTarget;
			buildConfigurationList = 340C224B1DE07EA700D4D75C /* Build configuration list for PBXNativeTarget "Novis Obliviate" */;
			buildPhases = (
				340C221F1DE07EA600D4D75C /* Sources */,
				340C22201DE07EA600D4D75C /* Frameworks */,
				340C22211DE07EA600D4D75C /* Resources */,
			);
			buildRules = (
			);
			dependencies = (
			);
			name = "Novis Obliviate";
			productName = "Novis Obliviate";
			productReference = 340C22231DE07EA600D4D75C /* Novis Obliviate.app */;
			productType = "com.apple.product-type.application";
		};
		340C22361DE07EA700D4D75C /* Novis ObliviateTests */ = {
			isa = PBXNativeTarget;
			buildConfigurationList = 340C224E1DE07EA700D4D75C /* Build configuration list for PBXNativeTarget "Novis ObliviateTests" */;
			buildPhases = (
				340C22331DE07EA700D4D75C /* Sources */,
				340C22341DE07EA700D4D75C /* Frameworks */,
				340C22351DE07EA700D4D75C /* Resources */,
			);
			buildRules = (
			);
			dependencies = (
				340C22391DE07EA700D4D75C /* PBXTargetDependency */,
			);
			name = "Novis ObliviateTests";
			productName = "Novis ObliviateTests";
			productReference = 340C22371DE07EA700D4D75C /* Novis ObliviateTests.xctest */;
			productType = "com.apple.product-type.bundle.unit-test";
		};
		340C22411DE07EA700D4D75C /* Novis ObliviateUITests */ = {
			isa = PBXNativeTarget;
			buildConfigurationList = 340C22511DE07EA700D4D75C /* Build configuration list for PBXNativeTarget "Novis ObliviateUITests" */;
			buildPhases = (
				340C223E1DE07EA700D4D75C /* Sources */,
				340C223F1DE07EA700D4D75C /* Frameworks */,
				340C22401DE07EA700D4D75C /* Resources */,
			);
			buildRules = (
			);
			dependencies = (
				340C22441DE07EA700D4D75C /* PBXTargetDependency */,
			);
			name = "Novis ObliviateUITests";
			productName = "Novis ObliviateUITests";
			productReference = 340C22421DE07EA700D4D75C /* Novis ObliviateUITests.xctest */;
			productType = "com.apple.product-type.bundle.ui-testing";
		};
/* End PBXNativeTarget section */

/* Begin PBXProject section */
		340C221B1DE07EA600D4D75C /* Project object */ = {
			isa = PBXProject;
			attributes = {
				LastSwiftUpdateCheck = 0810;
				LastUpgradeCheck = 0810;
				ORGANIZATIONNAME = "Novis Obliviate Ltd";
				TargetAttributes = {
					340C22221DE07EA600D4D75C = {
						CreatedOnToolsVersion = 8.1;
						DevelopmentTeam = 7SQS376RG8;
						ProvisioningStyle = Automatic;
					};
					340C22361DE07EA700D4D75C = {
						CreatedOnToolsVersion = 8.1;
						DevelopmentTeam = 7SQS376RG8;
						ProvisioningStyle = Automatic;
						TestTargetID = 340C22221DE07EA600D4D75C;
					};
					340C22411DE07EA700D4D75C = {
						CreatedOnToolsVersion = 8.1;
						DevelopmentTeam = 7SQS376RG8;
						ProvisioningStyle = Automatic;
						TestTargetID = 340C22221DE07EA600D4D75C;
					};
				};
			};
			buildConfigurationList = 340C221E1DE07EA600D4D75C /* Build configuration list for PBXProject "Novis Obliviate" */;
			compatibilityVersion = "Xcode 3.2";
			developmentRegion = English;
			hasScannedForEncodings = 0;
			knownRegions = (
				en,
				Base,
			);
			mainGroup = 340C221A1DE07EA600D4D75C;
			productRefGroup = 340C22241DE07EA600D4D75C /* Products */;
			projectDirPath = "";
			projectRoot = "";
			targets = (
				340C22221DE07EA600D4D75C /* Novis Obliviate */,
				340C22361DE07EA700D4D75C /* Novis ObliviateTests */,
				340C22411DE07EA700D4D75C /* Novis ObliviateUITests */,
			);
		};
/* End PBXProject section */

/* Begin PBXResourcesBuildPhase section */
		340C22211DE07EA600D4D75C /* Resources */ = {
			isa = PBXResourcesBuildPhase;
			buildActionMask = 2147483647;
			files = (
				340C22311DE07EA600D4D75C /* LaunchScreen.storyboard in Resources */,
				340C222E1DE07EA600D4D75C /* Assets.xcassets in Resources */,
				340C222C1DE07EA600D4D75C /* Main.storyboard in Resources */,
			);
			runOnlyForDeploymentPostprocessing = 0;
		};
		340C22351DE07EA700D4D75C /* Resources */ = {
			isa = PBXResourcesBuildPhase;
			buildActionMask = 2147483647;
			files = (
			);
			runOnlyForDeploymentPostprocessing = 0;
		};
		340C22401DE07EA700D4D75C /* Resources */ = {
			isa = PBXResourcesBuildPhase;
			buildActionMask = 2147483647;
			files = (
			);
			runOnlyForDeploymentPostprocessing = 0;
		};
/* End PBXResourcesBuildPhase section */

/* Begin PBXSourcesBuildPhase section */
		340C221F1DE07EA600D4D75C /* Sources */ = {
			isa = PBXSourcesBuildPhase;
			buildActionMask = 2147483647;
			files = (
				340C22291DE07EA600D4D75C /* ViewController.swift in Sources */,
				340C22271DE07EA600D4D75C /* AppDelegate.swift in Sources */,
				C9A1EFC51DE09FA600455B13 /* RecordingViewController.swift in Sources */,
			);
			runOnlyForDeploymentPostprocessing = 0;
		};
		340C22331DE07EA700D4D75C /* Sources */ = {
			isa = PBXSourcesBuildPhase;
			buildActionMask = 2147483647;
			files = (
				340C223C1DE07EA700D4D75C /* Novis_ObliviateTests.swift in Sources */,
			);
			runOnlyForDeploymentPostprocessing = 0;
		};
		340C223E1DE07EA700D4D75C /* Sources */ = {
			isa = PBXSourcesBuildPhase;
			buildActionMask = 2147483647;
			files = (
				340C22471DE07EA700D4D75C /* Novis_ObliviateUITests.swift in Sources */,
			);
			runOnlyForDeploymentPostprocessing = 0;
		};
/* End PBXSourcesBuildPhase section */

/* Begin PBXTargetDependency section */
		340C22391DE07EA700D4D75C /* PBXTargetDependency */ = {
			isa = PBXTargetDependency;
			target = 340C22221DE07EA600D4D75C /* Novis Obliviate */;
			targetProxy = 340C22381DE07EA700D4D75C /* PBXContainerItemProxy */;
		};
		340C22441DE07EA700D4D75C /* PBXTargetDependency */ = {
			isa = PBXTargetDependency;
			target = 340C22221DE07EA600D4D75C /* Novis Obliviate */;
			targetProxy = 340C22431DE07EA700D4D75C /* PBXContainerItemProxy */;
		};
/* End PBXTargetDependency section */

/* Begin PBXVariantGroup section */
		340C222A1DE07EA600D4D75C /* Main.storyboard */ = {
			isa = PBXVariantGroup;
			children = (
				340C222B1DE07EA600D4D75C /* Base */,
			);
			name = Main.storyboard;
			sourceTree = "<group>";
		};
		340C222F1DE07EA600D4D75C /* LaunchScreen.storyboard */ = {
			isa = PBXVariantGroup;
			children = (
				340C22301DE07EA600D4D75C /* Base */,
			);
			name = LaunchScreen.storyboard;
			sourceTree = "<group>";
		};
/* End PBXVariantGroup section */

/* Begin XCBuildConfiguration section */
		340C22491DE07EA700D4D75C /* Debug */ = {
			isa = XCBuildConfiguration;
			buildSettings = {
				ALWAYS_SEARCH_USER_PATHS = NO;
				CLANG_ANALYZER_NONNULL = YES;
				CLANG_CXX_LANGUAGE_STANDARD = "gnu++0x";
				CLANG_CXX_LIBRARY = "libc++";
				CLANG_ENABLE_MODULES = YES;
				CLANG_ENABLE_OBJC_ARC = YES;
				CLANG_WARN_BOOL_CONVERSION = YES;
				CLANG_WARN_CONSTANT_CONVERSION = YES;
				CLANG_WARN_DIRECT_OBJC_ISA_USAGE = YES_ERROR;
				CLANG_WARN_DOCUMENTATION_COMMENTS = YES;
				CLANG_WARN_EMPTY_BODY = YES;
				CLANG_WARN_ENUM_CONVERSION = YES;
				CLANG_WARN_INFINITE_RECURSION = YES;
				CLANG_WARN_INT_CONVERSION = YES;
				CLANG_WARN_OBJC_ROOT_CLASS = YES_ERROR;
				CLANG_WARN_SUSPICIOUS_MOVES = YES;
				CLANG_WARN_UNREACHABLE_CODE = YES;
				CLANG_WARN__DUPLICATE_METHOD_MATCH = YES;
				"CODE_SIGN_IDENTITY[sdk=iphoneos*]" = "iPhone Developer";
				COPY_PHASE_STRIP = NO;
				DEBUG_INFORMATION_FORMAT = dwarf;
				ENABLE_STRICT_OBJC_MSGSEND = YES;
				ENABLE_TESTABILITY = YES;
				GCC_C_LANGUAGE_STANDARD = gnu99;
				GCC_DYNAMIC_NO_PIC = NO;
				GCC_NO_COMMON_BLOCKS = YES;
				GCC_OPTIMIZATION_LEVEL = 0;
				GCC_PREPROCESSOR_DEFINITIONS = (
					"DEBUG=1",
					"$(inherited)",
				);
				GCC_WARN_64_TO_32_BIT_CONVERSION = YES;
				GCC_WARN_ABOUT_RETURN_TYPE = YES_ERROR;
				GCC_WARN_UNDECLARED_SELECTOR = YES;
				GCC_WARN_UNINITIALIZED_AUTOS = YES_AGGRESSIVE;
				GCC_WARN_UNUSED_FUNCTION = YES;
				GCC_WARN_UNUSED_VARIABLE = YES;
				IPHONEOS_DEPLOYMENT_TARGET = 10.1;
				MTL_ENABLE_DEBUG_INFO = YES;
				ONLY_ACTIVE_ARCH = YES;
				SDKROOT = iphoneos;
				SWIFT_ACTIVE_COMPILATION_CONDITIONS = DEBUG;
				SWIFT_OPTIMIZATION_LEVEL = "-Onone";
				TARGETED_DEVICE_FAMILY = "1,2";
			};
			name = Debug;
		};
		340C224A1DE07EA700D4D75C /* Release */ = {
			isa = XCBuildConfiguration;
			buildSettings = {
				ALWAYS_SEARCH_USER_PATHS = NO;
				CLANG_ANALYZER_NONNULL = YES;
				CLANG_CXX_LANGUAGE_STANDARD = "gnu++0x";
				CLANG_CXX_LIBRARY = "libc++";
				CLANG_ENABLE_MODULES = YES;
				CLANG_ENABLE_OBJC_ARC = YES;
				CLANG_WARN_BOOL_CONVERSION = YES;
				CLANG_WARN_CONSTANT_CONVERSION = YES;
				CLANG_WARN_DIRECT_OBJC_ISA_USAGE = YES_ERROR;
				CLANG_WARN_DOCUMENTATION_COMMENTS = YES;
				CLANG_WARN_EMPTY_BODY = YES;
				CLANG_WARN_ENUM_CONVERSION = YES;
				CLANG_WARN_INFINITE_RECURSION = YES;
				CLANG_WARN_INT_CONVERSION = YES;
				CLANG_WARN_OBJC_ROOT_CLASS = YES_ERROR;
				CLANG_WARN_SUSPICIOUS_MOVES = YES;
				CLANG_WARN_UNREACHABLE_CODE = YES;
				CLANG_WARN__DUPLICATE_METHOD_MATCH = YES;
				"CODE_SIGN_IDENTITY[sdk=iphoneos*]" = "iPhone Developer";
				COPY_PHASE_STRIP = NO;
				DEBUG_INFORMATION_FORMAT = "dwarf-with-dsym";
				ENABLE_NS_ASSERTIONS = NO;
				ENABLE_STRICT_OBJC_MSGSEND = YES;
				GCC_C_LANGUAGE_STANDARD = gnu99;
				GCC_NO_COMMON_BLOCKS = YES;
				GCC_WARN_64_TO_32_BIT_CONVERSION = YES;
				GCC_WARN_ABOUT_RETURN_TYPE = YES_ERROR;
				GCC_WARN_UNDECLARED_SELECTOR = YES;
				GCC_WARN_UNINITIALIZED_AUTOS = YES_AGGRESSIVE;
				GCC_WARN_UNUSED_FUNCTION = YES;
				GCC_WARN_UNUSED_VARIABLE = YES;
				IPHONEOS_DEPLOYMENT_TARGET = 10.1;
				MTL_ENABLE_DEBUG_INFO = NO;
				SDKROOT = iphoneos;
				SWIFT_OPTIMIZATION_LEVEL = "-Owholemodule";
				TARGETED_DEVICE_FAMILY = "1,2";
				VALIDATE_PRODUCT = YES;
			};
			name = Release;
		};
		340C224C1DE07EA700D4D75C /* Debug */ = {
			isa = XCBuildConfiguration;
			buildSettings = {
				ASSETCATALOG_COMPILER_APPICON_NAME = AppIcon;
				DEVELOPMENT_TEAM = 7SQS376RG8;
				INFOPLIST_FILE = "Novis Obliviate/Info.plist";
				IPHONEOS_DEPLOYMENT_TARGET = 9.3;
				LD_RUNPATH_SEARCH_PATHS = "$(inherited) @executable_path/Frameworks";
				PRODUCT_BUNDLE_IDENTIFIER = "com.novisobliviate.Novis-Obliviate";
				PRODUCT_NAME = "$(TARGET_NAME)";
				SWIFT_VERSION = 3.0;
			};
			name = Debug;
		};
		340C224D1DE07EA700D4D75C /* Release */ = {
			isa = XCBuildConfiguration;
			buildSettings = {
				ASSETCATALOG_COMPILER_APPICON_NAME = AppIcon;
				DEVELOPMENT_TEAM = 7SQS376RG8;
				INFOPLIST_FILE = "Novis Obliviate/Info.plist";
				IPHONEOS_DEPLOYMENT_TARGET = 9.3;
				LD_RUNPATH_SEARCH_PATHS = "$(inherited) @executable_path/Frameworks";
				PRODUCT_BUNDLE_IDENTIFIER = "com.novisobliviate.Novis-Obliviate";
				PRODUCT_NAME = "$(TARGET_NAME)";
				SWIFT_VERSION = 3.0;
			};
			name = Release;
		};
		340C224F1DE07EA700D4D75C /* Debug */ = {
			isa = XCBuildConfiguration;
			buildSettings = {
				ALWAYS_EMBED_SWIFT_STANDARD_LIBRARIES = YES;
				BUNDLE_LOADER = "$(TEST_HOST)";
				DEVELOPMENT_TEAM = 7SQS376RG8;
				INFOPLIST_FILE = "Novis ObliviateTests/Info.plist";
				LD_RUNPATH_SEARCH_PATHS = "$(inherited) @executable_path/Frameworks @loader_path/Frameworks";
				PRODUCT_BUNDLE_IDENTIFIER = "com.novisobliviate.Novis-ObliviateTests";
				PRODUCT_NAME = "$(TARGET_NAME)";
				SWIFT_VERSION = 3.0;
				TEST_HOST = "$(BUILT_PRODUCTS_DIR)/Novis Obliviate.app/Novis Obliviate";
			};
			name = Debug;
		};
		340C22501DE07EA700D4D75C /* Release */ = {
			isa = XCBuildConfiguration;
			buildSettings = {
				ALWAYS_EMBED_SWIFT_STANDARD_LIBRARIES = YES;
				BUNDLE_LOADER = "$(TEST_HOST)";
				DEVELOPMENT_TEAM = 7SQS376RG8;
				INFOPLIST_FILE = "Novis ObliviateTests/Info.plist";
				LD_RUNPATH_SEARCH_PATHS = "$(inherited) @executable_path/Frameworks @loader_path/Frameworks";
				PRODUCT_BUNDLE_IDENTIFIER = "com.novisobliviate.Novis-ObliviateTests";
				PRODUCT_NAME = "$(TARGET_NAME)";
				SWIFT_VERSION = 3.0;
				TEST_HOST = "$(BUILT_PRODUCTS_DIR)/Novis Obliviate.app/Novis Obliviate";
			};
			name = Release;
		};
		340C22521DE07EA700D4D75C /* Debug */ = {
			isa = XCBuildConfiguration;
			buildSettings = {
				ALWAYS_EMBED_SWIFT_STANDARD_LIBRARIES = YES;
				DEVELOPMENT_TEAM = 7SQS376RG8;
				INFOPLIST_FILE = "Novis ObliviateUITests/Info.plist";
				LD_RUNPATH_SEARCH_PATHS = "$(inherited) @executable_path/Frameworks @loader_path/Frameworks";
				PRODUCT_BUNDLE_IDENTIFIER = "com.novisobliviate.Novis-ObliviateUITests";
				PRODUCT_NAME = "$(TARGET_NAME)";
				SWIFT_VERSION = 3.0;
				TEST_TARGET_NAME = "Novis Obliviate";
			};
			name = Debug;
		};
		340C22531DE07EA700D4D75C /* Release */ = {
			isa = XCBuildConfiguration;
			buildSettings = {
				ALWAYS_EMBED_SWIFT_STANDARD_LIBRARIES = YES;
				DEVELOPMENT_TEAM = 7SQS376RG8;
				INFOPLIST_FILE = "Novis ObliviateUITests/Info.plist";
				LD_RUNPATH_SEARCH_PATHS = "$(inherited) @executable_path/Frameworks @loader_path/Frameworks";
				PRODUCT_BUNDLE_IDENTIFIER = "com.novisobliviate.Novis-ObliviateUITests";
				PRODUCT_NAME = "$(TARGET_NAME)";
				SWIFT_VERSION = 3.0;
				TEST_TARGET_NAME = "Novis Obliviate";
			};
			name = Release;
		};
/* End XCBuildConfiguration section */

/* Begin XCConfigurationList section */
		340C221E1DE07EA600D4D75C /* Build configuration list for PBXProject "Novis Obliviate" */ = {
			isa = XCConfigurationList;
			buildConfigurations = (
				340C22491DE07EA700D4D75C /* Debug */,
				340C224A1DE07EA700D4D75C /* Release */,
			);
			defaultConfigurationIsVisible = 0;
			defaultConfigurationName = Release;
		};
		340C224B1DE07EA700D4D75C /* Build configuration list for PBXNativeTarget "Novis Obliviate" */ = {
			isa = XCConfigurationList;
			buildConfigurations = (
				340C224C1DE07EA700D4D75C /* Debug */,
				340C224D1DE07EA700D4D75C /* Release */,
			);
			defaultConfigurationIsVisible = 0;
			defaultConfigurationName = Release;
		};
		340C224E1DE07EA700D4D75C /* Build configuration list for PBXNativeTarget "Novis ObliviateTests" */ = {
			isa = XCConfigurationList;
			buildConfigurations = (
				340C224F1DE07EA700D4D75C /* Debug */,
				340C22501DE07EA700D4D75C /* Release */,
			);
			defaultConfigurationIsVisible = 0;
			defaultConfigurationName = Release;
		};
		340C22511DE07EA700D4D75C /* Build configuration list for PBXNativeTarget "Novis ObliviateUITests" */ = {
			isa = XCConfigurationList;
			buildConfigurations = (
				340C22521DE07EA700D4D75C /* Debug */,
				340C22531DE07EA700D4D75C /* Release */,
			);
			defaultConfigurationIsVisible = 0;
			defaultConfigurationName = Release;
		};
/* End XCConfigurationList section */
	};
	rootObject = 340C221B1DE07EA600D4D75C /* Project object */;
}
